
Microsoft Visual Studio Solution File, Format Version 11.00
# Visual Studio 2010
Project("{FAE04EC0-301F-11D3-BF4B-00C04F79EFBC}") = "SimpleHubs", "SimpleHubs\SimpleHubs.csproj", "{3E36B768-B88C-44E2-B3C5-BA73FAACD8CA}"
EndProject
Global
	GlobalSection(SolutionConfigurationPlatforms) = preSolution
		Debug|Any CPU = Debug|Any CPU
		Release|Any CPU = Release|Any CPU
	EndGlobalSection
	GlobalSection(ProjectConfigurationPlatforms) = postSolution
		{3E36B768-B88C-44E2-B3C5-BA73FAACD8CA}.Debug|Any CPU.ActiveCfg = Debug|Any CPU
		{3E36B768-B88C-44E2-B3C5-BA73FAACD8CA}.Debug|Any CPU.Build.0 = Debug|Any CPU
		{3E36B768-B88C-44E2-B3C5-BA73FAACD8CA}.Release|Any CPU.ActiveCfg = Release|Any CPU
		{3E36B768-B88C-44E2-B3C5-BA73FAACD8CA}.Release|Any CPU.Build.0 = Release|Any CPU
	EndGlobalSection
	GlobalSection(SolutionProperties) = preSolution
		HideSolutionNode = FALSE
	EndGlobalSection
EndGlobal
